
Microsoft Visual Studio Solution File, Format Version 12.00
# Visual Studio 15
VisualStudioVersion = 15.0.27130.2003
MinimumVisualStudioVersion = 10.0.40219.1
Project("{8BC9CEB8-8B4A-11D0-8D11-00A0C91BC942}") = "B2D-Sandbox", "Sandbox\B2D-Sandbox.vcxproj", "{4DAEEB64-245E-4063-9E24-C7E9963EEF50}"
	ProjectSection(ProjectDependencies) = postProject
		{EF4E713D-2DCC-4539-8F93-02627A48B85C} = {EF4E713D-2DCC-4539-8F93-02627A48B85C}
	EndProjectSection
EndProject
Project("{8BC9CEB8-8B4A-11D0-8D11-00A0C91BC942}") = "B2D", "B2D\B2D.vcxproj", "{EF4E713D-2DCC-4539-8F93-02627A48B85C}"
EndProject
Global
	GlobalSection(SolutionConfigurationPlatforms) = preSolution
		Debug|x64 = Debug|x64
		Debug|x86 = Debug|x86
		Release|x64 = Release|x64
		Release|x86 = Release|x86
	EndGlobalSection
	GlobalSection(ProjectConfigurationPlatforms) = postSolution
		{4DAEEB64-245E-4063-9E24-C7E9963EEF50}.Debug|x64.ActiveCfg = Debug|x64
		{4DAEEB64-245E-4063-9E24-C7E9963EEF50}.Debug|x64.Build.0 = Debug|x64
		{4DAEEB64-245E-4063-9E24-C7E9963EEF50}.Debug|x86.ActiveCfg = Debug|Win32
		{4DAEEB64-245E-4063-9E24-C7E9963EEF50}.Debug|x86.Build.0 = Debug|Win32
		{4DAEEB64-245E-4063-9E24-C7E9963EEF50}.Release|x64.ActiveCfg = Debug|x64
		{4DAEEB64-245E-4063-9E24-C7E9963EEF50}.Release|x64.Build.0 = Debug|x64
		{4DAEEB64-245E-4063-9E24-C7E9963EEF50}.Release|x86.ActiveCfg = Debug|Win32
		{4DAEEB64-245E-4063-9E24-C7E9963EEF50}.Release|x86.Build.0 = Debug|Win32
		{EF4E713D-2DCC-4539-8F93-02627A48B85C}.Debug|x64.ActiveCfg = Debug|x64
		{EF4E713D-2DCC-4539-8F93-02627A48B85C}.Debug|x64.Build.0 = Debug|x64
		{EF4E713D-2DCC-4539-8F93-02627A48B85C}.Debug|x86.ActiveCfg = Debug|Win32
		{EF4E713D-2DCC-4539-8F93-02627A48B85C}.Debug|x86.Build.0 = Debug|Win32
		{EF4E713D-2DCC-4539-8F93-02627A48B85C}.Release|x64.ActiveCfg = Debug|x64
		{EF4E713D-2DCC-4539-8F93-02627A48B85C}.Release|x64.Build.0 = Debug|x64
		{EF4E713D-2DCC-4539-8F93-02627A48B85C}.Release|x86.ActiveCfg = Debug|Win32
		{EF4E713D-2DCC-4539-8F93-02627A48B85C}.Release|x86.Build.0 = Debug|Win32
	EndGlobalSection
	GlobalSection(SolutionProperties) = preSolution
		HideSolutionNode = FALSE
	EndGlobalSection
	GlobalSection(ExtensibilityGlobals) = postSolution
		SolutionGuid = {BF62C84B-3A11-4155-9A4C-D305BCC379C1}
	EndGlobalSection
EndGlobal
